
Microsoft Visual Studio Solution File, Format Version 12.00
# Visual Studio Version 17
VisualStudioVersion = 17.11.35222.181
MinimumVisualStudioVersion = 10.0.40219.1
Project("{8BC9CEB8-8B4A-11D0-8D11-00A0C91BC942}") = "McElvain_PA3_Fall2024", "McElvain_PA3_Fall2024\McElvain_PA3_Fall2024.vcxproj", "{3780F85F-9A2A-4361-8372-6D7B0903D7CD}"
EndProject
Global
	GlobalSection(SolutionConfigurationPlatforms) = preSolution
		Debug|x64 = Debug|x64
		Debug|x86 = Debug|x86
		Release|x64 = Release|x64
		Release|x86 = Release|x86
	EndGlobalSection
	GlobalSection(ProjectConfigurationPlatforms) = postSolution
		{3780F85F-9A2A-4361-8372-6D7B0903D7CD}.Debug|x64.ActiveCfg = Debug|x64
		{3780F85F-9A2A-4361-8372-6D7B0903D7CD}.Debug|x64.Build.0 = Debug|x64
		{3780F85F-9A2A-4361-8372-6D7B0903D7CD}.Debug|x86.ActiveCfg = Debug|Win32
		{3780F85F-9A2A-4361-8372-6D7B0903D7CD}.Debug|x86.Build.0 = Debug|Win32
		{3780F85F-9A2A-4361-8372-6D7B0903D7CD}.Release|x64.ActiveCfg = Release|x64
		{3780F85F-9A2A-4361-8372-6D7B0903D7CD}.Release|x64.Build.0 = Release|x64
		{3780F85F-9A2A-4361-8372-6D7B0903D7CD}.Release|x86.ActiveCfg = Release|Win32
		{3780F85F-9A2A-4361-8372-6D7B0903D7CD}.Release|x86.Build.0 = Release|Win32
	EndGlobalSection
	GlobalSection(SolutionProperties) = preSolution
		HideSolutionNode = FALSE
	EndGlobalSection
	GlobalSection(ExtensibilityGlobals) = postSolution
		SolutionGuid = {3DAD8949-ABCB-49E1-8F7F-2EAA0607B2EF}
	EndGlobalSection
EndGlobal
